
Microsoft Visual Studio Solution File, Format Version 12.00
# Visual Studio Version 17
VisualStudioVersion = 17.5.33627.172
MinimumVisualStudioVersion = 10.0.40219.1
Project("{FAE04EC0-301F-11D3-BF4B-00C04F79EFBC}") = "Folders.Web", "Folders.Web\Folders.Web.csproj", "{C3F985FD-9F18-44CA-8343-9CCA6EF4CA53}"
EndProject
Project("{FAE04EC0-301F-11D3-BF4B-00C04F79EFBC}") = "Folders.Data", "Folders.Data\Folders.Data.csproj", "{1273F6C4-2C6B-4AC3-9DEF-51AE4AB3F637}"
EndProject
Project("{FAE04EC0-301F-11D3-BF4B-00C04F79EFBC}") = "Folders.Model", "Folders.Model\Folders.Model.csproj", "{A89077E5-8903-4458-96B5-E22E620CC5B0}"
EndProject
Global
	GlobalSection(SolutionConfigurationPlatforms) = preSolution
		Debug|Any CPU = Debug|Any CPU
		Release|Any CPU = Release|Any CPU
	EndGlobalSection
	GlobalSection(ProjectConfigurationPlatforms) = postSolution
		{C3F985FD-9F18-44CA-8343-9CCA6EF4CA53}.Debug|Any CPU.ActiveCfg = Debug|Any CPU
		{C3F985FD-9F18-44CA-8343-9CCA6EF4CA53}.Debug|Any CPU.Build.0 = Debug|Any CPU
		{C3F985FD-9F18-44CA-8343-9CCA6EF4CA53}.Release|Any CPU.ActiveCfg = Release|Any CPU
		{C3F985FD-9F18-44CA-8343-9CCA6EF4CA53}.Release|Any CPU.Build.0 = Release|Any CPU
		{1273F6C4-2C6B-4AC3-9DEF-51AE4AB3F637}.Debug|Any CPU.ActiveCfg = Debug|Any CPU
		{1273F6C4-2C6B-4AC3-9DEF-51AE4AB3F637}.Debug|Any CPU.Build.0 = Debug|Any CPU
		{1273F6C4-2C6B-4AC3-9DEF-51AE4AB3F637}.Release|Any CPU.ActiveCfg = Release|Any CPU
		{1273F6C4-2C6B-4AC3-9DEF-51AE4AB3F637}.Release|Any CPU.Build.0 = Release|Any CPU
		{A89077E5-8903-4458-96B5-E22E620CC5B0}.Debug|Any CPU.ActiveCfg = Debug|Any CPU
		{A89077E5-8903-4458-96B5-E22E620CC5B0}.Debug|Any CPU.Build.0 = Debug|Any CPU
		{A89077E5-8903-4458-96B5-E22E620CC5B0}.Release|Any CPU.ActiveCfg = Release|Any CPU
		{A89077E5-8903-4458-96B5-E22E620CC5B0}.Release|Any CPU.Build.0 = Release|Any CPU
	EndGlobalSection
	GlobalSection(SolutionProperties) = preSolution
		HideSolutionNode = FALSE
	EndGlobalSection
	GlobalSection(ExtensibilityGlobals) = postSolution
		SolutionGuid = {43650F94-AF8B-4E91-8343-ACFA48C47ABC}
	EndGlobalSection
EndGlobal
